
Microsoft Visual Studio Solution File, Format Version 12.00
# Visual Studio 14
VisualStudioVersion = 14.0.25420.1
MinimumVisualStudioVersion = 10.0.40219.1
Project("{FAE04EC0-301F-11D3-BF4B-00C04F79EFBC}") = "ProyTE.DATA", "ProyTE.DATA\ProyTE.DATA.csproj", "{C9F969A4-E468-47DE-92FA-B0B6221166B2}"
EndProject
Project("{FAE04EC0-301F-11D3-BF4B-00C04F79EFBC}") = "ProyTE.DAL", "ProyTE.DAL\ProyTE.DAL.csproj", "{E1FE61F3-7A56-4AFA-B21B-814D760306FA}"
EndProject
Project("{FAE04EC0-301F-11D3-BF4B-00C04F79EFBC}") = "ProyTE.BLL", "ProyTE.BLL\ProyTE.BLL.csproj", "{DE54BC78-F986-4867-848A-6E69EC04D53B}"
EndProject
Project("{FAE04EC0-301F-11D3-BF4B-00C04F79EFBC}") = "ProyTE.UI", "ProyTE.UI\ProyTE.UI.csproj", "{CC811B02-6693-45F0-AB00-25EBBE1BFEB3}"
EndProject
Global
	GlobalSection(SolutionConfigurationPlatforms) = preSolution
		Debug|Any CPU = Debug|Any CPU
		Release|Any CPU = Release|Any CPU
	EndGlobalSection
	GlobalSection(ProjectConfigurationPlatforms) = postSolution
		{C9F969A4-E468-47DE-92FA-B0B6221166B2}.Debug|Any CPU.ActiveCfg = Debug|Any CPU
		{C9F969A4-E468-47DE-92FA-B0B6221166B2}.Debug|Any CPU.Build.0 = Debug|Any CPU
		{C9F969A4-E468-47DE-92FA-B0B6221166B2}.Release|Any CPU.ActiveCfg = Release|Any CPU
		{C9F969A4-E468-47DE-92FA-B0B6221166B2}.Release|Any CPU.Build.0 = Release|Any CPU
		{E1FE61F3-7A56-4AFA-B21B-814D760306FA}.Debug|Any CPU.ActiveCfg = Debug|Any CPU
		{E1FE61F3-7A56-4AFA-B21B-814D760306FA}.Debug|Any CPU.Build.0 = Debug|Any CPU
		{E1FE61F3-7A56-4AFA-B21B-814D760306FA}.Release|Any CPU.ActiveCfg = Release|Any CPU
		{E1FE61F3-7A56-4AFA-B21B-814D760306FA}.Release|Any CPU.Build.0 = Release|Any CPU
		{DE54BC78-F986-4867-848A-6E69EC04D53B}.Debug|Any CPU.ActiveCfg = Debug|Any CPU
		{DE54BC78-F986-4867-848A-6E69EC04D53B}.Debug|Any CPU.Build.0 = Debug|Any CPU
		{DE54BC78-F986-4867-848A-6E69EC04D53B}.Release|Any CPU.ActiveCfg = Release|Any CPU
		{DE54BC78-F986-4867-848A-6E69EC04D53B}.Release|Any CPU.Build.0 = Release|Any CPU
		{CC811B02-6693-45F0-AB00-25EBBE1BFEB3}.Debug|Any CPU.ActiveCfg = Debug|Any CPU
		{CC811B02-6693-45F0-AB00-25EBBE1BFEB3}.Debug|Any CPU.Build.0 = Debug|Any CPU
		{CC811B02-6693-45F0-AB00-25EBBE1BFEB3}.Release|Any CPU.ActiveCfg = Release|Any CPU
		{CC811B02-6693-45F0-AB00-25EBBE1BFEB3}.Release|Any CPU.Build.0 = Release|Any CPU
	EndGlobalSection
	GlobalSection(SolutionProperties) = preSolution
		HideSolutionNode = FALSE
	EndGlobalSection
EndGlobal
